
Microsoft Visual Studio Solution File, Format Version 12.00
# Visual Studio Version 17
VisualStudioVersion = 17.7.34031.279
MinimumVisualStudioVersion = 10.0.40219.1
Project("{9A19103F-16F7-4668-BE54-9A1E7A4F7556}") = "mixandmatchv2", "mixandmatchv2.csproj", "{A9FEF640-7F42-459E-BAAB-A74B2CCE1AFE}"
EndProject
Project("{FAE04EC0-301F-11D3-BF4B-00C04F79EFBC}") = "DTO", "..\DTO\DTO.csproj", "{4CC91CD5-20AE-4294-9497-8C45522504B1}"
EndProject
Global
	GlobalSection(SolutionConfigurationPlatforms) = preSolution
		Debug|Any CPU = Debug|Any CPU
		Release|Any CPU = Release|Any CPU
	EndGlobalSection
	GlobalSection(ProjectConfigurationPlatforms) = postSolution
		{A9FEF640-7F42-459E-BAAB-A74B2CCE1AFE}.Debug|Any CPU.ActiveCfg = Debug|Any CPU
		{A9FEF640-7F42-459E-BAAB-A74B2CCE1AFE}.Debug|Any CPU.Build.0 = Debug|Any CPU
		{A9FEF640-7F42-459E-BAAB-A74B2CCE1AFE}.Release|Any CPU.ActiveCfg = Release|Any CPU
		{A9FEF640-7F42-459E-BAAB-A74B2CCE1AFE}.Release|Any CPU.Build.0 = Release|Any CPU
		{4CC91CD5-20AE-4294-9497-8C45522504B1}.Debug|Any CPU.ActiveCfg = Debug|Any CPU
		{4CC91CD5-20AE-4294-9497-8C45522504B1}.Debug|Any CPU.Build.0 = Debug|Any CPU
		{4CC91CD5-20AE-4294-9497-8C45522504B1}.Release|Any CPU.ActiveCfg = Release|Any CPU
		{4CC91CD5-20AE-4294-9497-8C45522504B1}.Release|Any CPU.Build.0 = Release|Any CPU
	EndGlobalSection
	GlobalSection(SolutionProperties) = preSolution
		HideSolutionNode = FALSE
	EndGlobalSection
	GlobalSection(ExtensibilityGlobals) = postSolution
		SolutionGuid = {B61B39A9-593F-497C-9F8C-15D3A5065AF8}
	EndGlobalSection
EndGlobal
